// !$*UTF8*$!
{
	archiveVersion = 1;
	classes = {
	};
	objectVersion = 46;
	objects = {

/* Begin PBXBuildFile section */
		F5291EE214E35C8800D1E1AC /* CustomMovieCell.m in Sources */ = {isa = PBXBuildFile; fileRef = F5291EE114E35C8800D1E1AC /* CustomMovieCell.m */; };
		F53F713014E2C5FC0042972D /* TableViewController.m in Sources */ = {isa = PBXBuildFile; fileRef = F53F712F14E2C5FC0042972D /* TableViewController.m */; };
		F53F713414E2D2DE0042972D /* DetailViewController.m in Sources */ = {isa = PBXBuildFile; fileRef = F53F713314E2D2DE0042972D /* DetailViewController.m */; };
		F5A49E4714E74C9B00B02E89 /* MovieController.m in Sources */ = {isa = PBXBuildFile; fileRef = F5A49E4614E74C9B00B02E89 /* MovieController.m */; };
		F5A49E5214E78ABF00B02E89 /* Twitter.framework in Frameworks */ = {isa = PBXBuildFile; fileRef = F5A49E5114E78ABF00B02E89 /* Twitter.framework */; };
		F5A49E5914E78C9100B02E89 /* g.png in Resources */ = {isa = PBXBuildFile; fileRef = F5A49E5414E78C9100B02E89 /* g.png */; };
		F5A49E5A14E78C9100B02E89 /* nc_17.png in Resources */ = {isa = PBXBuildFile; fileRef = F5A49E5514E78C9100B02E89 /* nc_17.png */; };
		F5A49E5B14E78C9100B02E89 /* pg_13.png in Resources */ = {isa = PBXBuildFile; fileRef = F5A49E5614E78C9100B02E89 /* pg_13.png */; };
		F5A49E5C14E78C9100B02E89 /* pg.png in Resources */ = {isa = PBXBuildFile; fileRef = F5A49E5714E78C9100B02E89 /* pg.png */; };
		F5A49E5D14E78C9100B02E89 /* r.png in Resources */ = {isa = PBXBuildFile; fileRef = F5A49E5814E78C9100B02E89 /* r.png */; };
		F5A49E6414E7A1B800B02E89 /* Movie.m in Sources */ = {isa = PBXBuildFile; fileRef = F5A49E6314E7A1B800B02E89 /* Movie.m */; };
		F5B3F74114E22F7300F2B644 /* UIKit.framework in Frameworks */ = {isa = PBXBuildFile; fileRef = F5B3F74014E22F7300F2B644 /* UIKit.framework */; };
		F5B3F74314E22F7300F2B644 /* Foundation.framework in Frameworks */ = {isa = PBXBuildFile; fileRef = F5B3F74214E22F7300F2B644 /* Foundation.framework */; };
		F5B3F74514E22F7300F2B644 /* CoreGraphics.framework in Frameworks */ = {isa = PBXBuildFile; fileRef = F5B3F74414E22F7300F2B644 /* CoreGraphics.framework */; };
		F5B3F74714E22F7300F2B644 /* CoreData.framework in Frameworks */ = {isa = PBXBuildFile; fileRef = F5B3F74614E22F7300F2B644 /* CoreData.framework */; };
		F5B3F74D14E22F7300F2B644 /* InfoPlist.strings in Resources */ = {isa = PBXBuildFile; fileRef = F5B3F74B14E22F7300F2B644 /* InfoPlist.strings */; };
		F5B3F74F14E22F7300F2B644 /* main.m in Sources */ = {isa = PBXBuildFile; fileRef = F5B3F74E14E22F7300F2B644 /* main.m */; };
		F5B3F75314E22F7300F2B644 /* AppDelegate.m in Sources */ = {isa = PBXBuildFile; fileRef = F5B3F75214E22F7300F2B644 /* AppDelegate.m */; };
		F5ED76E014E4FF5A008ECB3B /* iOSCodeChallenge.xcdatamodeld in Sources */ = {isa = PBXBuildFile; fileRef = F5B3F75414E22F7300F2B644 /* iOSCodeChallenge.xcdatamodeld */; };
/* End PBXBuildFile section */

/* Begin PBXFileReference section */
		F5291EE014E35C8800D1E1AC /* CustomMovieCell.h */ = {isa = PBXFileReference; fileEncoding = 4; lastKnownFileType = sourcecode.c.h; path = CustomMovieCell.h; sourceTree = "<group>"; };
		F5291EE114E35C8800D1E1AC /* CustomMovieCell.m */ = {isa = PBXFileReference; fileEncoding = 4; lastKnownFileType = sourcecode.c.objc; path = CustomMovieCell.m; sourceTree = "<group>"; };
		F53F712E14E2C5FC0042972D /* TableViewController.h */ = {isa = PBXFileReference; fileEncoding = 4; lastKnownFileType = sourcecode.c.h; path = TableViewController.h; sourceTree = "<group>"; };
		F53F712F14E2C5FC0042972D /* TableViewController.m */ = {isa = PBXFileReference; fileEncoding = 4; lastKnownFileType = sourcecode.c.objc; path = TableViewController.m; sourceTree = "<group>"; };
		F53F713214E2D2DE0042972D /* DetailViewController.h */ = {isa = PBXFileReference; fileEncoding = 4; lastKnownFileType = sourcecode.c.h; path = DetailViewController.h; sourceTree = "<group>"; };
		F53F713314E2D2DE0042972D /* DetailViewController.m */ = {isa = PBXFileReference; fileEncoding = 4; lastKnownFileType = sourcecode.c.objc; path = DetailViewController.m; sourceTree = "<group>"; };
		F5A49E4514E74C9B00B02E89 /* MovieController.h */ = {isa = PBXFileReference; fileEncoding = 4; lastKnownFileType = sourcecode.c.h; path = MovieController.h; sourceTree = "<group>"; };
		F5A49E4614E74C9B00B02E89 /* MovieController.m */ = {isa = PBXFileReference; fileEncoding = 4; lastKnownFileType = sourcecode.c.objc; path = MovieController.m; sourceTree = "<group>"; };
		F5A49E5114E78ABF00B02E89 /* Twitter.framework */ = {isa = PBXFileReference; lastKnownFileType = wrapper.framework; name = Twitter.framework; path = System/Library/Frameworks/Twitter.framework; sourceTree = SDKROOT; };
		F5A49E5414E78C9100B02E89 /* g.png */ = {isa = PBXFileReference; lastKnownFileType = image.png; name = g.png; path = Resources/g.png; sourceTree = "<group>"; };
		F5A49E5514E78C9100B02E89 /* nc_17.png */ = {isa = PBXFileReference; lastKnownFileType = image.png; name = nc_17.png; path = Resources/nc_17.png; sourceTree = "<group>"; };
		F5A49E5614E78C9100B02E89 /* pg_13.png */ = {isa = PBXFileReference; lastKnownFileType = image.png; name = pg_13.png; path = Resources/pg_13.png; sourceTree = "<group>"; };
		F5A49E5714E78C9100B02E89 /* pg.png */ = {isa = PBXFileReference; lastKnownFileType = image.png; name = pg.png; path = Resources/pg.png; sourceTree = "<group>"; };
		F5A49E5814E78C9100B02E89 /* r.png */ = {isa = PBXFileReference; lastKnownFileType = image.png; name = r.png; path = Resources/r.png; sourceTree = "<group>"; };
		F5A49E6214E7A1B800B02E89 /* Movie.h */ = {isa = PBXFileReference; fileEncoding = 4; lastKnownFileType = sourcecode.c.h; path = Movie.h; sourceTree = "<group>"; };
		F5A49E6314E7A1B800B02E89 /* Movie.m */ = {isa = PBXFileReference; fileEncoding = 4; lastKnownFileType = sourcecode.c.objc; path = Movie.m; sourceTree = "<group>"; };
		F5B3F73C14E22F7300F2B644 /* iOSCodeChallenge.app */ = {isa = PBXFileReference; explicitFileType = wrapper.application; includeInIndex = 0; path = iOSCodeChallenge.app; sourceTree = BUILT_PRODUCTS_DIR; };
		F5B3F74014E22F7300F2B644 /* UIKit.framework */ = {isa = PBXFileReference; lastKnownFileType = wrapper.framework; name = UIKit.framework; path = System/Library/Frameworks/UIKit.framework; sourceTree = SDKROOT; };
		F5B3F74214E22F7300F2B644 /* Foundation.framework */ = {isa = PBXFileReference; lastKnownFileType = wrapper.framework; name = Foundation.framework; path = System/Library/Frameworks/Foundation.framework; sourceTree = SDKROOT; };
		F5B3F74414E22F7300F2B644 /* CoreGraphics.framework */ = {isa = PBXFileReference; lastKnownFileType = wrapper.framework; name = CoreGraphics.framework; path = System/Library/Frameworks/CoreGraphics.framework; sourceTree = SDKROOT; };
		F5B3F74614E22F7300F2B644 /* CoreData.framework */ = {isa = PBXFileReference; lastKnownFileType = wrapper.framework; name = CoreData.framework; path = System/Library/Frameworks/CoreData.framework; sourceTree = SDKROOT; };
		F5B3F74A14E22F7300F2B644 /* iOSCodeChallenge-Info.plist */ = {isa = PBXFileReference; lastKnownFileType = text.plist.xml; path = "iOSCodeChallenge-Info.plist"; sourceTree = "<group>"; };
		F5B3F74C14E22F7300F2B644 /* en */ = {isa = PBXFileReference; lastKnownFileType = text.plist.strings; name = en; path = en.lproj/InfoPlist.strings; sourceTree = "<group>"; };
		F5B3F74E14E22F7300F2B644 /* main.m */ = {isa = PBXFileReference; lastKnownFileType = sourcecode.c.objc; path = main.m; sourceTree = "<group>"; };
		F5B3F75014E22F7300F2B644 /* iOSCodeChallenge-Prefix.pch */ = {isa = PBXFileReference; lastKnownFileType = sourcecode.c.h; path = "iOSCodeChallenge-Prefix.pch"; sourceTree = "<group>"; };
		F5B3F75114E22F7300F2B644 /* AppDelegate.h */ = {isa = PBXFileReference; lastKnownFileType = sourcecode.c.h; path = AppDelegate.h; sourceTree = "<group>"; };
		F5B3F75214E22F7300F2B644 /* AppDelegate.m */ = {isa = PBXFileReference; lastKnownFileType = sourcecode.c.objc; path = AppDelegate.m; sourceTree = "<group>"; };
		F5B3F75514E22F7300F2B644 /* iOSCodeChallenge.xcdatamodel */ = {isa = PBXFileReference; lastKnownFileType = wrapper.xcdatamodel; path = iOSCodeChallenge.xcdatamodel; sourceTree = "<group>"; };
/* End PBXFileReference section */

/* Begin PBXFrameworksBuildPhase section */
		F5B3F73914E22F7300F2B644 /* Frameworks */ = {
			isa = PBXFrameworksBuildPhase;
			buildActionMask = 2147483647;
			files = (
				F5A49E5214E78ABF00B02E89 /* Twitter.framework in Frameworks */,
				F5B3F74114E22F7300F2B644 /* UIKit.framework in Frameworks */,
				F5B3F74314E22F7300F2B644 /* Foundation.framework in Frameworks */,
				F5B3F74514E22F7300F2B644 /* CoreGraphics.framework in Frameworks */,
				F5B3F74714E22F7300F2B644 /* CoreData.framework in Frameworks */,
			);
			runOnlyForDeploymentPostprocessing = 0;
		};
/* End PBXFrameworksBuildPhase section */

/* Begin PBXGroup section */
		F5A49E5314E78C0700B02E89 /* Resources */ = {
			isa = PBXGroup;
			children = (
				F5A49E5414E78C9100B02E89 /* g.png */,
				F5A49E5514E78C9100B02E89 /* nc_17.png */,
				F5A49E5614E78C9100B02E89 /* pg_13.png */,
				F5A49E5714E78C9100B02E89 /* pg.png */,
				F5A49E5814E78C9100B02E89 /* r.png */,
			);
			name = Resources;
			path = iOSCodeChallenge;
			sourceTree = "<group>";
		};
		F5A49E5E14E78CBC00B02E89 /* Core Data Managed Objects */ = {
			isa = PBXGroup;
			children = (
				F5A49E6214E7A1B800B02E89 /* Movie.h */,
				F5A49E6314E7A1B800B02E89 /* Movie.m */,
			);
			name = "Core Data Managed Objects";
			sourceTree = "<group>";
		};
		F5B3F73114E22F7200F2B644 = {
			isa = PBXGroup;
			children = (
				F5B3F74814E22F7300F2B644 /* Classes */,
				F5B3F74914E22F7300F2B644 /* Supporting Files */,
				F5A49E5314E78C0700B02E89 /* Resources */,
				F5B3F73F14E22F7300F2B644 /* Frameworks */,
				F5B3F73D14E22F7300F2B644 /* Products */,
			);
			sourceTree = "<group>";
		};
		F5B3F73D14E22F7300F2B644 /* Products */ = {
			isa = PBXGroup;
			children = (
				F5B3F73C14E22F7300F2B644 /* iOSCodeChallenge.app */,
			);
			name = Products;
			sourceTree = "<group>";
		};
		F5B3F73F14E22F7300F2B644 /* Frameworks */ = {
			isa = PBXGroup;
			children = (
				F5A49E5114E78ABF00B02E89 /* Twitter.framework */,
				F5B3F74014E22F7300F2B644 /* UIKit.framework */,
				F5B3F74214E22F7300F2B644 /* Foundation.framework */,
				F5B3F74414E22F7300F2B644 /* CoreGraphics.framework */,
				F5B3F74614E22F7300F2B644 /* CoreData.framework */,
			);
			name = Frameworks;
			sourceTree = "<group>";
		};
		F5B3F74814E22F7300F2B644 /* Classes */ = {
			isa = PBXGroup;
			children = (
				F5A49E5E14E78CBC00B02E89 /* Core Data Managed Objects */,
				F5B3F75114E22F7300F2B644 /* AppDelegate.h */,
				F5B3F75214E22F7300F2B644 /* AppDelegate.m */,
				F53F713214E2D2DE0042972D /* DetailViewController.h */,
				F53F713314E2D2DE0042972D /* DetailViewController.m */,
				F5291EE014E35C8800D1E1AC /* CustomMovieCell.h */,
				F5291EE114E35C8800D1E1AC /* CustomMovieCell.m */,
				F5A49E4514E74C9B00B02E89 /* MovieController.h */,
				F5A49E4614E74C9B00B02E89 /* MovieController.m */,
				F53F712E14E2C5FC0042972D /* TableViewController.h */,
				F53F712F14E2C5FC0042972D /* TableViewController.m */,
				F5B3F75414E22F7300F2B644 /* iOSCodeChallenge.xcdatamodeld */,
			);
			name = Classes;
			path = iOSCodeChallenge;
			sourceTree = "<group>";
		};
		F5B3F74914E22F7300F2B644 /* Supporting Files */ = {
			isa = PBXGroup;
			children = (
				F5B3F74A14E22F7300F2B644 /* iOSCodeChallenge-Info.plist */,
				F5B3F74B14E22F7300F2B644 /* InfoPlist.strings */,
				F5B3F74E14E22F7300F2B644 /* main.m */,
				F5B3F75014E22F7300F2B644 /* iOSCodeChallenge-Prefix.pch */,
			);
			name = "Supporting Files";
			path = iOSCodeChallenge;
			sourceTree = "<group>";
		};
/* End PBXGroup section */

/* Begin PBXNativeTarget section */
		F5B3F73B14E22F7300F2B644 /* iOSCodeChallenge */ = {
			isa = PBXNativeTarget;
			buildConfigurationList = F5B3F75914E22F7300F2B644 /* Build configuration list for PBXNativeTarget "iOSCodeChallenge" */;
			buildPhases = (
				F5B3F73814E22F7300F2B644 /* Sources */,
				F5B3F73914E22F7300F2B644 /* Frameworks */,
				F5B3F73A14E22F7300F2B644 /* Resources */,
			);
			buildRules = (
			);
			dependencies = (
			);
			name = iOSCodeChallenge;
			productName = iOSCodeChallenge;
			productReference = F5B3F73C14E22F7300F2B644 /* iOSCodeChallenge.app */;
			productType = "com.apple.product-type.application";
		};
/* End PBXNativeTarget section */

/* Begin PBXProject section */
		F5B3F73314E22F7200F2B644 /* Project object */ = {
			isa = PBXProject;
			attributes = {
				LastUpgradeCheck = 0420;
			};
			buildConfigurationList = F5B3F73614E22F7200F2B644 /* Build configuration list for PBXProject "iOSCodeChallenge" */;
			compatibilityVersion = "Xcode 3.2";
			developmentRegion = English;
			hasScannedForEncodings = 0;
			knownRegions = (
				en,
			);
			mainGroup = F5B3F73114E22F7200F2B644;
			productRefGroup = F5B3F73D14E22F7300F2B644 /* Products */;
			projectDirPath = "";
			projectRoot = "";
			targets = (
				F5B3F73B14E22F7300F2B644 /* iOSCodeChallenge */,
			);
		};
/* End PBXProject section */

/* Begin PBXResourcesBuildPhase section */
		F5B3F73A14E22F7300F2B644 /* Resources */ = {
			isa = PBXResourcesBuildPhase;
			buildActionMask = 2147483647;
			files = (
				F5B3F74D14E22F7300F2B644 /* InfoPlist.strings in Resources */,
				F5A49E5914E78C9100B02E89 /* g.png in Resources */,
				F5A49E5A14E78C9100B02E89 /* nc_17.png in Resources */,
				F5A49E5B14E78C9100B02E89 /* pg_13.png in Resources */,
				F5A49E5C14E78C9100B02E89 /* pg.png in Resources */,
				F5A49E5D14E78C9100B02E89 /* r.png in Resources */,
			);
			runOnlyForDeploymentPostprocessing = 0;
		};
/* End PBXResourcesBuildPhase section */

/* Begin PBXSourcesBuildPhase section */
		F5B3F73814E22F7300F2B644 /* Sources */ = {
			isa = PBXSourcesBuildPhase;
			buildActionMask = 2147483647;
			files = (
				F5B3F74F14E22F7300F2B644 /* main.m in Sources */,
				F5B3F75314E22F7300F2B644 /* AppDelegate.m in Sources */,
				F53F713014E2C5FC0042972D /* TableViewController.m in Sources */,
				F53F713414E2D2DE0042972D /* DetailViewController.m in Sources */,
				F5291EE214E35C8800D1E1AC /* CustomMovieCell.m in Sources */,
				F5ED76E014E4FF5A008ECB3B /* iOSCodeChallenge.xcdatamodeld in Sources */,
				F5A49E4714E74C9B00B02E89 /* MovieController.m in Sources */,
				F5A49E6414E7A1B800B02E89 /* Movie.m in Sources */,
			);
			runOnlyForDeploymentPostprocessing = 0;
		};
/* End PBXSourcesBuildPhase section */

/* Begin PBXVariantGroup section */
		F5B3F74B14E22F7300F2B644 /* InfoPlist.strings */ = {
			isa = PBXVariantGroup;
			children = (
				F5B3F74C14E22F7300F2B644 /* en */,
			);
			name = InfoPlist.strings;
			sourceTree = "<group>";
		};
/* End PBXVariantGroup section */

/* Begin XCBuildConfiguration section */
		F5B3F75714E22F7300F2B644 /* Debug */ = {
			isa = XCBuildConfiguration;
			buildSettings = {
				ALWAYS_SEARCH_USER_PATHS = NO;
				ARCHS = "$(ARCHS_STANDARD_32_BIT)";
				CLANG_ENABLE_OBJC_ARC = YES;
				"CODE_SIGN_IDENTITY[sdk=iphoneos*]" = "iPhone Developer";
				COPY_PHASE_STRIP = NO;
				GCC_C_LANGUAGE_STANDARD = gnu99;
				GCC_DYNAMIC_NO_PIC = NO;
				GCC_OPTIMIZATION_LEVEL = 0;
				GCC_PREPROCESSOR_DEFINITIONS = (
					"DEBUG=1",
					"$(inherited)",
				);
				GCC_SYMBOLS_PRIVATE_EXTERN = NO;
				GCC_VERSION = com.apple.compilers.llvm.clang.1_0;
				GCC_WARN_ABOUT_MISSING_PROTOTYPES = YES;
				GCC_WARN_ABOUT_RETURN_TYPE = YES;
				GCC_WARN_UNUSED_VARIABLE = YES;
				IPHONEOS_DEPLOYMENT_TARGET = 5.0;
				SDKROOT = iphoneos;
			};
			name = Debug;
		};
		F5B3F75814E22F7300F2B644 /* Release */ = {
			isa = XCBuildConfiguration;
			buildSettings = {
				ALWAYS_SEARCH_USER_PATHS = NO;
				ARCHS = "$(ARCHS_STANDARD_32_BIT)";
				CLANG_ENABLE_OBJC_ARC = YES;
				"CODE_SIGN_IDENTITY[sdk=iphoneos*]" = "iPhone Developer";
				COPY_PHASE_STRIP = YES;
				GCC_C_LANGUAGE_STANDARD = gnu99;
				GCC_VERSION = com.apple.compilers.llvm.clang.1_0;
				GCC_WARN_ABOUT_MISSING_PROTOTYPES = YES;
				GCC_WARN_ABOUT_RETURN_TYPE = YES;
				GCC_WARN_UNUSED_VARIABLE = YES;
				IPHONEOS_DEPLOYMENT_TARGET = 5.0;
				OTHER_CFLAGS = "-DNS_BLOCK_ASSERTIONS=1";
				SDKROOT = iphoneos;
				VALIDATE_PRODUCT = YES;
			};
			name = Release;
		};
		F5B3F75A14E22F7300F2B644 /* Debug */ = {
			isa = XCBuildConfiguration;
			buildSettings = {
				GCC_PRECOMPILE_PREFIX_HEADER = YES;
				GCC_PREFIX_HEADER = "iOSCodeChallenge/iOSCodeChallenge-Prefix.pch";
				INFOPLIST_FILE = "iOSCodeChallenge/iOSCodeChallenge-Info.plist";
				PRODUCT_NAME = "$(TARGET_NAME)";
				WRAPPER_EXTENSION = app;
			};
			name = Debug;
		};
		F5B3F75B14E22F7300F2B644 /* Release */ = {
			isa = XCBuildConfiguration;
			buildSettings = {
				GCC_PRECOMPILE_PREFIX_HEADER = YES;
				GCC_PREFIX_HEADER = "iOSCodeChallenge/iOSCodeChallenge-Prefix.pch";
				INFOPLIST_FILE = "iOSCodeChallenge/iOSCodeChallenge-Info.plist";
				PRODUCT_NAME = "$(TARGET_NAME)";
				WRAPPER_EXTENSION = app;
			};
			name = Release;
		};
/* End XCBuildConfiguration section */

/* Begin XCConfigurationList section */
		F5B3F73614E22F7200F2B644 /* Build configuration list for PBXProject "iOSCodeChallenge" */ = {
			isa = XCConfigurationList;
			buildConfigurations = (
				F5B3F75714E22F7300F2B644 /* Debug */,
				F5B3F75814E22F7300F2B644 /* Release */,
			);
			defaultConfigurationIsVisible = 0;
			defaultConfigurationName = Release;
		};
		F5B3F75914E22F7300F2B644 /* Build configuration list for PBXNativeTarget "iOSCodeChallenge" */ = {
			isa = XCConfigurationList;
			buildConfigurations = (
				F5B3F75A14E22F7300F2B644 /* Debug */,
				F5B3F75B14E22F7300F2B644 /* Release */,
			);
			defaultConfigurationIsVisible = 0;
			defaultConfigurationName = Release;
		};
/* End XCConfigurationList section */

/* Begin XCVersionGroup section */
		F5B3F75414E22F7300F2B644 /* iOSCodeChallenge.xcdatamodeld */ = {
			isa = XCVersionGroup;
			children = (
				F5B3F75514E22F7300F2B644 /* iOSCodeChallenge.xcdatamodel */,
			);
			currentVersion = F5B3F75514E22F7300F2B644 /* iOSCodeChallenge.xcdatamodel */;
			path = iOSCodeChallenge.xcdatamodeld;
			sourceTree = "<group>";
			versionGroupType = wrapper.xcdatamodel;
		};
/* End XCVersionGroup section */
	};
	rootObject = F5B3F73314E22F7200F2B644 /* Project object */;
}
